
Microsoft Visual Studio Solution File, Format Version 12.00
# Visual Studio Version 17
VisualStudioVersion = 17.3.32804.467
MinimumVisualStudioVersion = 10.0.40219.1
Project("{FAE04EC0-301F-11D3-BF4B-00C04F79EFBC}") = "TEST_TECNICO", "TEST_TECNICO\TEST_TECNICO.csproj", "{AA80E2CF-A706-42D1-858B-C44D3591D332}"
EndProject
Global
	GlobalSection(SolutionConfigurationPlatforms) = preSolution
		Debug|Any CPU = Debug|Any CPU
		Release|Any CPU = Release|Any CPU
	EndGlobalSection
	GlobalSection(ProjectConfigurationPlatforms) = postSolution
		{AA80E2CF-A706-42D1-858B-C44D3591D332}.Debug|Any CPU.ActiveCfg = Debug|Any CPU
		{AA80E2CF-A706-42D1-858B-C44D3591D332}.Debug|Any CPU.Build.0 = Debug|Any CPU
		{AA80E2CF-A706-42D1-858B-C44D3591D332}.Release|Any CPU.ActiveCfg = Release|Any CPU
		{AA80E2CF-A706-42D1-858B-C44D3591D332}.Release|Any CPU.Build.0 = Release|Any CPU
	EndGlobalSection
	GlobalSection(SolutionProperties) = preSolution
		HideSolutionNode = FALSE
	EndGlobalSection
	GlobalSection(ExtensibilityGlobals) = postSolution
		SolutionGuid = {27248F1B-9369-448B-A909-2F7B1463A29D}
	EndGlobalSection
EndGlobal
